
Microsoft Visual Studio Solution File, Format Version 12.00
# Visual Studio Version 16
VisualStudioVersion = 25.0.1705.0
MinimumVisualStudioVersion = 10.0.40219.1
Project("{FAE04EC0-301F-11D3-BF4B-00C04F79EFBC}") = "Fyo", "Fyo.csproj", "{E3AE35B9-CF0C-4E34-AF02-F10459445C53}"
EndProject
Global
	GlobalSection(SolutionConfigurationPlatforms) = preSolution
		Debug|Any CPU = Debug|Any CPU
		Release|Any CPU = Release|Any CPU
	EndGlobalSection
	GlobalSection(ProjectConfigurationPlatforms) = postSolution
		{E3AE35B9-CF0C-4E34-AF02-F10459445C53}.Debug|Any CPU.ActiveCfg = Debug|Any CPU
		{E3AE35B9-CF0C-4E34-AF02-F10459445C53}.Debug|Any CPU.Build.0 = Debug|Any CPU
		{E3AE35B9-CF0C-4E34-AF02-F10459445C53}.Release|Any CPU.ActiveCfg = Release|Any CPU
		{E3AE35B9-CF0C-4E34-AF02-F10459445C53}.Release|Any CPU.Build.0 = Release|Any CPU
	EndGlobalSection
	GlobalSection(SolutionProperties) = preSolution
		HideSolutionNode = FALSE
	EndGlobalSection
	GlobalSection(ExtensibilityGlobals) = postSolution
		SolutionGuid = {272870B0-40C0-40F8-9888-DBD174DD1D0E}
	EndGlobalSection
EndGlobal
